<?xml version="1.0" encoding="utf-8"?>
<Project ToolsVersion="4.0" xmlns="http://schemas.microsoft.com/developer/msbuild/2003">
  <ItemGroup>
    <ClCompile Include="Engine\Zoom.cpp">
      <Filter>Engine</Filter>
    </ClCompile>
    <ClCompile Include="..\src\AbandonGameState.cpp">
      <Filter>Source Code</Filter>
    </ClCompile>
    <ClCompile Include="..\src\AbortMissionState.cpp">
      <Filter>Source Code</Filter>
    </ClCompile>
    <ClCompile Include="..\src\Action.cpp">
      <Filter>Source Code</Filter>
    </ClCompile>
    <ClCompile Include="..\src\ActionMenuItem.cpp">
      <Filter>Source Code</Filter>
    </ClCompile>
    <ClCompile Include="..\src\ActionMenuState.cpp">
      <Filter>Source Code</Filter>
    </ClCompile>
    <ClCompile Include="..\src\AdlibMusic.cpp">
      <Filter>Source Code</Filter>
    </ClCompile>
    <ClCompile Include="..\src\adlplayer.cpp">
      <Filter>Source Code</Filter>
    </ClCompile>
    <ClCompile Include="..\src\AIModule.cpp">
      <Filter>Source Code</Filter>
    </ClCompile>
    <ClCompile Include="..\src\AlienDeployment.cpp">
      <Filter>Source Code</Filter>
    </ClCompile>
    <ClCompile Include="..\src\AlienRace.cpp">
      <Filter>Source Code</Filter>
    </ClCompile>
    <ClCompile Include="..\src\AliensCrashState.cpp">
      <Filter>Source Code</Filter>
    </ClCompile>
    <ClCompile Include="..\src\AlienStrategy.cpp">
      <Filter>Source Code</Filter>
    </ClCompile>
    <ClCompile Include="..\src\Armor.cpp">
      <Filter>Source Code</Filter>
    </ClCompile>
    <ClCompile Include="..\src\ArrowButton.cpp">
      <Filter>Source Code</Filter>
    </ClCompile>
    <ClCompile Include="..\src\Bar.cpp">
      <Filter>Source Code</Filter>
    </ClCompile>
    <ClCompile Include="..\src\BattleItem.cpp">
      <Filter>Source Code</Filter>
    </ClCompile>
    <ClCompile Include="..\src\BattlescapeButton.cpp">
      <Filter>Source Code</Filter>
    </ClCompile>
    <ClCompile Include="..\src\BattlescapeGame.cpp">
      <Filter>Source Code</Filter>
    </ClCompile>
    <ClCompile Include="..\src\BattlescapeGenerator.cpp">
      <Filter>Source Code</Filter>
    </ClCompile>
    <ClCompile Include="..\src\BattlescapeMessage.cpp">
      <Filter>Source Code</Filter>
    </ClCompile>
    <ClCompile Include="..\src\BattlescapeState.cpp">
      <Filter>Source Code</Filter>
    </ClCompile>
    <ClCompile Include="..\src\BattleState.cpp">
      <Filter>Source Code</Filter>
    </ClCompile>
    <ClCompile Include="..\src\BattleUnit.cpp">
      <Filter>Source Code</Filter>
    </ClCompile>
    <ClCompile Include="..\src\BriefingState.cpp">
      <Filter>Source Code</Filter>
    </ClCompile>
    <ClCompile Include="..\src\Camera.cpp">
      <Filter>Source Code</Filter>
    </ClCompile>
    <ClCompile Include="..\src\CannotReequipState.cpp">
      <Filter>Source Code</Filter>
    </ClCompile>
    <ClCompile Include="..\src\CatFile.cpp">
      <Filter>Source Code</Filter>
    </ClCompile>
    <ClCompile Include="..\src\ComboBox.cpp">
      <Filter>Source Code</Filter>
    </ClCompile>
    <ClCompile Include="..\src\CommendationLateState.cpp">
      <Filter>Source Code</Filter>
    </ClCompile>
    <ClCompile Include="..\src\CommendationState.cpp">
      <Filter>Source Code</Filter>
    </ClCompile>
    <ClCompile Include="..\src\ConfirmLoadState.cpp">
      <Filter>Source Code</Filter>
    </ClCompile>
    <ClCompile Include="..\src\Craft.cpp">
      <Filter>Source Code</Filter>
    </ClCompile>
    <ClCompile Include="..\src\CraftWeapon.cpp">
      <Filter>Source Code</Filter>
    </ClCompile>
    <ClCompile Include="..\src\CraftWeaponProjectile.cpp">
      <Filter>Source Code</Filter>
    </ClCompile>
    <ClCompile Include="..\src\CrossPlatform.cpp">
      <Filter>Source Code</Filter>
    </ClCompile>
    <ClCompile Include="..\src\Cursor.cpp">
      <Filter>Source Code</Filter>
    </ClCompile>
    <ClCompile Include="..\src\CutsceneState.cpp">
      <Filter>Source Code</Filter>
    </ClCompile>
    <ClCompile Include="..\src\DebriefingState.cpp">
      <Filter>Source Code</Filter>
    </ClCompile>
    <ClCompile Include="..\src\DeleteGameState.cpp">
      <Filter>Source Code</Filter>
    </ClCompile>
    <ClCompile Include="..\src\EquipmentLayoutItem.cpp">
      <Filter>Source Code</Filter>
    </ClCompile>
    <ClCompile Include="..\src\ErrorMessageState.cpp">
      <Filter>Source Code</Filter>
    </ClCompile>
    <ClCompile Include="..\src\Explosion.cpp">
      <Filter>Source Code</Filter>
    </ClCompile>
    <ClCompile Include="..\src\ExplosionBState.cpp">
      <Filter>Source Code</Filter>
    </ClCompile>
    <ClCompile Include="..\src\ExtraSounds.cpp">
      <Filter>Source Code</Filter>
    </ClCompile>
    <ClCompile Include="..\src\ExtraSprites.cpp">
      <Filter>Source Code</Filter>
    </ClCompile>
    <ClCompile Include="..\src\ExtraStrings.cpp">
      <Filter>Source Code</Filter>
    </ClCompile>
    <ClCompile Include="..\src\FastLineClip.cpp">
      <Filter>Source Code</Filter>
    </ClCompile>
    <ClCompile Include="..\src\FileMap.cpp">
      <Filter>Source Code</Filter>
    </ClCompile>
    <ClCompile Include="..\src\FlcPlayer.cpp">
      <Filter>Source Code</Filter>
    </ClCompile>
    <ClCompile Include="..\src\fmopl.cpp">
      <Filter>Source Code</Filter>
    </ClCompile>
    <ClCompile Include="..\src\Font.cpp">
      <Filter>Source Code</Filter>
    </ClCompile>
    <ClCompile Include="..\src\FpsCounter.cpp">
      <Filter>Source Code</Filter>
    </ClCompile>
    <ClCompile Include="..\src\Frame.cpp">
      <Filter>Source Code</Filter>
    </ClCompile>
    <ClCompile Include="..\src\Game.cpp">
      <Filter>Source Code</Filter>
    </ClCompile>
    <ClCompile Include="..\src\GameTime.cpp">
      <Filter>Source Code</Filter>
    </ClCompile>
    <ClCompile Include="..\src\GMCat.cpp">
      <Filter>Source Code</Filter>
    </ClCompile>
    <ClCompile Include="..\src\hq2x.cpp">
      <Filter>Source Code</Filter>
    </ClCompile>
    <ClCompile Include="..\src\hq3x.cpp">
      <Filter>Source Code</Filter>
    </ClCompile>
    <ClCompile Include="..\src\hq4x.cpp">
      <Filter>Source Code</Filter>
    </ClCompile>
    <ClCompile Include="..\src\ImageButton.cpp">
      <Filter>Source Code</Filter>
    </ClCompile>
    <ClCompile Include="..\src\InfoboxOKState.cpp">
      <Filter>Source Code</Filter>
    </ClCompile>
    <ClCompile Include="..\src\InfoboxState.cpp">
      <Filter>Source Code</Filter>
    </ClCompile>
    <ClCompile Include="..\src\init.cpp">
      <Filter>Source Code</Filter>
    </ClCompile>
    <ClCompile Include="..\src\InteractiveSurface.cpp">
      <Filter>Source Code</Filter>
    </ClCompile>
    <ClCompile Include="..\src\Inventory.cpp">
      <Filter>Source Code</Filter>
    </ClCompile>
    <ClCompile Include="..\src\InventoryState.cpp">
      <Filter>Source Code</Filter>
    </ClCompile>
    <ClCompile Include="..\src\ItemContainer.cpp">
      <Filter>Source Code</Filter>
    </ClCompile>
    <ClCompile Include="..\src\Language.cpp">
      <Filter>Source Code</Filter>
    </ClCompile>
    <ClCompile Include="..\src\LanguagePlurality.cpp">
      <Filter>Source Code</Filter>
    </ClCompile>
    <ClCompile Include="..\src\ListGamesState.cpp">
      <Filter>Source Code</Filter>
    </ClCompile>
    <ClCompile Include="..\src\ListLoadOriginalState.cpp">
      <Filter>Source Code</Filter>
    </ClCompile>
    <ClCompile Include="..\src\ListLoadState.cpp">
      <Filter>Source Code</Filter>
    </ClCompile>
    <ClCompile Include="..\src\ListSaveState.cpp">
      <Filter>Source Code</Filter>
    </ClCompile>
    <ClCompile Include="..\src\LoadGameState.cpp">
      <Filter>Source Code</Filter>
    </ClCompile>
    <ClCompile Include="..\src\LocalizedText.cpp">
      <Filter>Source Code</Filter>
    </ClCompile>
    <ClCompile Include="..\src\main.cpp">
      <Filter>Source Code</Filter>
    </ClCompile>
    <ClCompile Include="..\src\MainMenuState.cpp">
      <Filter>Source Code</Filter>
    </ClCompile>
    <ClCompile Include="..\src\Map.cpp">
      <Filter>Source Code</Filter>
    </ClCompile>
    <ClCompile Include="..\src\MapBlock.cpp">
      <Filter>Source Code</Filter>
    </ClCompile>
    <ClCompile Include="..\src\MapData.cpp">
      <Filter>Source Code</Filter>
    </ClCompile>
    <ClCompile Include="..\src\MapDataSet.cpp">
      <Filter>Source Code</Filter>
    </ClCompile>
    <ClCompile Include="..\src\MapScript.cpp">
      <Filter>Source Code</Filter>
    </ClCompile>
    <ClCompile Include="..\src\MCDPatch.cpp">
      <Filter>Source Code</Filter>
    </ClCompile>
    <ClCompile Include="..\src\MedikitState.cpp">
      <Filter>Source Code</Filter>
    </ClCompile>
    <ClCompile Include="..\src\MedikitView.cpp">
      <Filter>Source Code</Filter>
    </ClCompile>
    <ClCompile Include="..\src\MeleeAttackBState.cpp">
      <Filter>Source Code</Filter>
    </ClCompile>
    <ClCompile Include="..\src\MiniMapState.cpp">
      <Filter>Source Code</Filter>
    </ClCompile>
    <ClCompile Include="..\src\MiniMapView.cpp">
      <Filter>Source Code</Filter>
    </ClCompile>
    <ClCompile Include="..\src\MissionSite.cpp">
      <Filter>Source Code</Filter>
    </ClCompile>
    <ClCompile Include="..\src\Mod.cpp">
      <Filter>Source Code</Filter>
    </ClCompile>
    <ClCompile Include="..\src\ModConfirmExtendedState.cpp">
      <Filter>Source Code</Filter>
    </ClCompile>
    <ClCompile Include="..\src\ModInfo.cpp">
      <Filter>Source Code</Filter>
    </ClCompile>
    <ClCompile Include="..\src\ModListState.cpp">
      <Filter>Source Code</Filter>
    </ClCompile>
    <ClCompile Include="..\src\MovingTarget.cpp">
      <Filter>Source Code</Filter>
    </ClCompile>
    <ClCompile Include="..\src\Music.cpp">
      <Filter>Source Code</Filter>
    </ClCompile>
    <ClCompile Include="..\src\NewBattleState.cpp">
      <Filter>Source Code</Filter>
    </ClCompile>
    <ClCompile Include="..\src\NewGameState.cpp">
      <Filter>Source Code</Filter>
    </ClCompile>
    <ClCompile Include="..\src\NextTurnState.cpp">
      <Filter>Source Code</Filter>
    </ClCompile>
    <ClCompile Include="..\src\Node.cpp">
      <Filter>Source Code</Filter>
    </ClCompile>
    <ClCompile Include="..\src\NumberText.cpp">
      <Filter>Source Code</Filter>
    </ClCompile>
    <ClCompile Include="..\src\OpenGL.cpp">
      <Filter>Source Code</Filter>
    </ClCompile>
    <ClCompile Include="..\src\OptionInfo.cpp">
      <Filter>Source Code</Filter>
    </ClCompile>
    <ClCompile Include="..\src\Options.cpp">
      <Filter>Source Code</Filter>
    </ClCompile>
    <ClCompile Include="..\src\OptionsAdvancedState.cpp">
      <Filter>Source Code</Filter>
    </ClCompile>
    <ClCompile Include="..\src\OptionsAudioState.cpp">
      <Filter>Source Code</Filter>
    </ClCompile>
    <ClCompile Include="..\src\OptionsBaseState.cpp">
      <Filter>Source Code</Filter>
    </ClCompile>
    <ClCompile Include="..\src\OptionsBattlescapeState.cpp">
      <Filter>Source Code</Filter>
    </ClCompile>
    <ClCompile Include="..\src\OptionsConfirmState.cpp">
      <Filter>Source Code</Filter>
    </ClCompile>
    <ClCompile Include="..\src\OptionsControlsState.cpp">
      <Filter>Source Code</Filter>
    </ClCompile>
    <ClCompile Include="..\src\OptionsDefaultsState.cpp">
      <Filter>Source Code</Filter>
    </ClCompile>
    <ClCompile Include="..\src\OptionsGeoscapeState.cpp">
      <Filter>Source Code</Filter>
    </ClCompile>
    <ClCompile Include="..\src\OptionsNoAudioState.cpp">
      <Filter>Source Code</Filter>
    </ClCompile>
    <ClCompile Include="..\src\OptionsVideoState.cpp">
      <Filter>Source Code</Filter>
    </ClCompile>
    <ClCompile Include="..\src\Palette.cpp">
      <Filter>Source Code</Filter>
    </ClCompile>
    <ClCompile Include="..\src\Particle.cpp">
      <Filter>Source Code</Filter>
    </ClCompile>
    <ClCompile Include="..\src\Pathfinding.cpp">
      <Filter>Source Code</Filter>
    </ClCompile>
    <ClCompile Include="..\src\PathfindingNode.cpp">
      <Filter>Source Code</Filter>
    </ClCompile>
    <ClCompile Include="..\src\PathfindingOpenSet.cpp">
      <Filter>Source Code</Filter>
    </ClCompile>
    <ClCompile Include="..\src\PauseState.cpp">
      <Filter>Source Code</Filter>
    </ClCompile>
    <ClCompile Include="..\src\PrimeGrenadeState.cpp">
      <Filter>Source Code</Filter>
    </ClCompile>
    <ClCompile Include="..\src\Projectile.cpp">
      <Filter>Source Code</Filter>
    </ClCompile>
    <ClCompile Include="..\src\ProjectileFlyBState.cpp">
      <Filter>Source Code</Filter>
    </ClCompile>
    <ClCompile Include="..\src\PsiAttackBState.cpp">
      <Filter>Source Code</Filter>
    </ClCompile>
    <ClCompile Include="..\src\Region.cpp">
      <Filter>Source Code</Filter>
    </ClCompile>
    <ClCompile Include="..\src\RNG.cpp">
      <Filter>Source Code</Filter>
    </ClCompile>
    <ClCompile Include="..\src\RuleCommendations.cpp">
      <Filter>Source Code</Filter>
    </ClCompile>
    <ClCompile Include="..\src\RuleCraft.cpp">
      <Filter>Source Code</Filter>
    </ClCompile>
    <ClCompile Include="..\src\RuleCraftWeapon.cpp">
      <Filter>Source Code</Filter>
    </ClCompile>
    <ClCompile Include="..\src\RuleInterface.cpp">
      <Filter>Source Code</Filter>
    </ClCompile>
    <ClCompile Include="..\src\RuleInventory.cpp">
      <Filter>Source Code</Filter>
    </ClCompile>
    <ClCompile Include="..\src\RuleItem.cpp">
      <Filter>Source Code</Filter>
    </ClCompile>
    <ClCompile Include="..\src\RuleMissionScript.cpp">
      <Filter>Source Code</Filter>
    </ClCompile>
    <ClCompile Include="..\src\RuleMusic.cpp">
      <Filter>Source Code</Filter>
    </ClCompile>
    <ClCompile Include="..\src\RuleSoldier.cpp">
      <Filter>Source Code</Filter>
    </ClCompile>
    <ClCompile Include="..\src\RuleTerrain.cpp">
      <Filter>Source Code</Filter>
    </ClCompile>
    <ClCompile Include="..\src\RuleUfo.cpp">
      <Filter>Source Code</Filter>
    </ClCompile>
    <ClCompile Include="..\src\RuleVideo.cpp">
      <Filter>Source Code</Filter>
    </ClCompile>
    <ClCompile Include="..\src\SavedBattleGame.cpp">
      <Filter>Source Code</Filter>
    </ClCompile>
    <ClCompile Include="..\src\SavedGame.cpp">
      <Filter>Source Code</Filter>
    </ClCompile>
    <ClCompile Include="..\src\SaveGameState.cpp">
      <Filter>Source Code</Filter>
    </ClCompile>
    <ClCompile Include="..\src\scale2x.cpp">
      <Filter>Source Code</Filter>
    </ClCompile>
    <ClCompile Include="..\src\scale3x.cpp">
      <Filter>Source Code</Filter>
    </ClCompile>
    <ClCompile Include="..\src\scalebit.cpp">
      <Filter>Source Code</Filter>
    </ClCompile>
    <ClCompile Include="..\src\ScannerState.cpp">
      <Filter>Source Code</Filter>
    </ClCompile>
    <ClCompile Include="..\src\ScannerView.cpp">
      <Filter>Source Code</Filter>
    </ClCompile>
    <ClCompile Include="..\src\Screen.cpp">
      <Filter>Source Code</Filter>
    </ClCompile>
    <ClCompile Include="..\src\ScrollBar.cpp">
      <Filter>Source Code</Filter>
    </ClCompile>
    <ClCompile Include="..\src\SerializationHelper.cpp">
      <Filter>Source Code</Filter>
    </ClCompile>
    <ClCompile Include="..\src\SetWindowedRootState.cpp">
      <Filter>Source Code</Filter>
    </ClCompile>
    <ClCompile Include="..\src\Slider.cpp">
      <Filter>Source Code</Filter>
    </ClCompile>
    <ClCompile Include="..\src\SlideshowState.cpp">
      <Filter>Source Code</Filter>
    </ClCompile>
    <ClCompile Include="..\src\Soldier.cpp">
      <Filter>Source Code</Filter>
    </ClCompile>
    <ClCompile Include="..\src\SoldierDeath.cpp">
      <Filter>Source Code</Filter>
    </ClCompile>
    <ClCompile Include="..\src\SoldierDiary.cpp">
      <Filter>Source Code</Filter>
    </ClCompile>
    <ClCompile Include="..\src\SoldierNamePool.cpp">
      <Filter>Source Code</Filter>
    </ClCompile>
    <ClCompile Include="..\src\Sound.cpp">
      <Filter>Source Code</Filter>
    </ClCompile>
    <ClCompile Include="..\src\SoundDefinition.cpp">
      <Filter>Source Code</Filter>
    </ClCompile>
    <ClCompile Include="..\src\SoundSet.cpp">
      <Filter>Source Code</Filter>
    </ClCompile>
    <ClCompile Include="..\src\StartState.cpp">
      <Filter>Source Code</Filter>
    </ClCompile>
    <ClCompile Include="..\src\State.cpp">
      <Filter>Source Code</Filter>
    </ClCompile>
    <ClCompile Include="..\src\StatisticsState.cpp">
      <Filter>Source Code</Filter>
    </ClCompile>
    <ClCompile Include="..\src\StatString.cpp">
      <Filter>Source Code</Filter>
    </ClCompile>
    <ClCompile Include="..\src\StatStringCondition.cpp">
      <Filter>Source Code</Filter>
    </ClCompile>
    <ClCompile Include="..\src\Surface.cpp">
      <Filter>Source Code</Filter>
    </ClCompile>
    <ClCompile Include="..\src\SurfaceSet.cpp">
      <Filter>Source Code</Filter>
    </ClCompile>
    <ClCompile Include="..\src\Target.cpp">
      <Filter>Source Code</Filter>
    </ClCompile>
    <ClCompile Include="..\src\TestState.cpp">
      <Filter>Source Code</Filter>
    </ClCompile>
    <ClCompile Include="..\src\Text.cpp">
      <Filter>Source Code</Filter>
    </ClCompile>
    <ClCompile Include="..\src\TextButton.cpp">
      <Filter>Source Code</Filter>
    </ClCompile>
    <ClCompile Include="..\src\TextEdit.cpp">
      <Filter>Source Code</Filter>
    </ClCompile>
    <ClCompile Include="..\src\TextList.cpp">
      <Filter>Source Code</Filter>
    </ClCompile>
    <ClCompile Include="..\src\Texture.cpp">
      <Filter>Source Code</Filter>
    </ClCompile>
    <ClCompile Include="..\src\Tile.cpp">
      <Filter>Source Code</Filter>
    </ClCompile>
    <ClCompile Include="..\src\TileEngine.cpp">
      <Filter>Source Code</Filter>
    </ClCompile>
    <ClCompile Include="..\src\Timer.cpp">
      <Filter>Source Code</Filter>
    </ClCompile>
    <ClCompile Include="..\src\ToggleTextButton.cpp">
      <Filter>Source Code</Filter>
    </ClCompile>
    <ClCompile Include="..\src\Ufo.cpp">
      <Filter>Source Code</Filter>
    </ClCompile>
    <ClCompile Include="..\src\Unicode.cpp">
      <Filter>Source Code</Filter>
    </ClCompile>
    <ClCompile Include="..\src\Unit.cpp">
      <Filter>Source Code</Filter>
    </ClCompile>
    <ClCompile Include="..\src\UnitDieBState.cpp">
      <Filter>Source Code</Filter>
    </ClCompile>
    <ClCompile Include="..\src\UnitFallBState.cpp">
      <Filter>Source Code</Filter>
    </ClCompile>
    <ClCompile Include="..\src\UnitInfoState.cpp">
      <Filter>Source Code</Filter>
    </ClCompile>
    <ClCompile Include="..\src\UnitPanicBState.cpp">
      <Filter>Source Code</Filter>
    </ClCompile>
    <ClCompile Include="..\src\UnitSprite.cpp">
      <Filter>Source Code</Filter>
    </ClCompile>
    <ClCompile Include="..\src\UnitTurnBState.cpp">
      <Filter>Source Code</Filter>
    </ClCompile>
    <ClCompile Include="..\src\UnitWalkBState.cpp">
      <Filter>Source Code</Filter>
    </ClCompile>
    <ClCompile Include="..\src\Vehicle.cpp">
      <Filter>Source Code</Filter>
    </ClCompile>
    <ClCompile Include="..\src\VideoState.cpp">
      <Filter>Source Code</Filter>
    </ClCompile>
    <ClCompile Include="..\src\WarningMessage.cpp">
      <Filter>Source Code</Filter>
    </ClCompile>
    <ClCompile Include="..\src\Waypoint.cpp">
      <Filter>Source Code</Filter>
    </ClCompile>
    <ClCompile Include="..\src\WeightedOptions.cpp">
      <Filter>Source Code</Filter>
    </ClCompile>
    <ClCompile Include="..\src\Window.cpp">
      <Filter>Source Code</Filter>
    </ClCompile>
    <ClCompile Include="..\src\xbrz.cpp">
      <Filter>Source Code</Filter>
    </ClCompile>
    <ClCompile Include="..\src\Zoom.cpp">
      <Filter>Source Code</Filter>
    </ClCompile>
  </ItemGroup>
  <ItemGroup>
    <ClInclude Include="Engine\Zoom.h">
      <Filter>Engine</Filter>
    </ClInclude>
    <ClInclude Include="..\src\AbandonGameState.h">
      <Filter>Source Code</Filter>
    </ClInclude>
    <ClInclude Include="..\src\AbortMissionState.h">
      <Filter>Source Code</Filter>
    </ClInclude>
    <ClInclude Include="..\src\Action.h">
      <Filter>Source Code</Filter>
    </ClInclude>
    <ClInclude Include="..\src\ActionMenuItem.h">
      <Filter>Source Code</Filter>
    </ClInclude>
    <ClInclude Include="..\src\ActionMenuState.h">
      <Filter>Source Code</Filter>
    </ClInclude>
    <ClInclude Include="..\src\AdlibMusic.h">
      <Filter>Source Code</Filter>
    </ClInclude>
    <ClInclude Include="..\src\adlplayer.h">
      <Filter>Source Code</Filter>
    </ClInclude>
    <ClInclude Include="..\src\AIModule.h">
      <Filter>Source Code</Filter>
    </ClInclude>
    <ClInclude Include="..\src\AlienDeployment.h">
      <Filter>Source Code</Filter>
    </ClInclude>
    <ClInclude Include="..\src\AlienRace.h">
      <Filter>Source Code</Filter>
    </ClInclude>
    <ClInclude Include="..\src\AliensCrashState.h">
      <Filter>Source Code</Filter>
    </ClInclude>
    <ClInclude Include="..\src\AlienStrategy.h">
      <Filter>Source Code</Filter>
    </ClInclude>
    <ClInclude Include="..\src\Armor.h">
      <Filter>Source Code</Filter>
    </ClInclude>
    <ClInclude Include="..\src\ArrowButton.h">
      <Filter>Source Code</Filter>
    </ClInclude>
    <ClInclude Include="..\src\Bar.h">
      <Filter>Source Code</Filter>
    </ClInclude>
    <ClInclude Include="..\src\BattleItem.h">
      <Filter>Source Code</Filter>
    </ClInclude>
    <ClInclude Include="..\src\BattlescapeButton.h">
      <Filter>Source Code</Filter>
    </ClInclude>
    <ClInclude Include="..\src\BattlescapeGame.h">
      <Filter>Source Code</Filter>
    </ClInclude>
    <ClInclude Include="..\src\BattlescapeGenerator.h">
      <Filter>Source Code</Filter>
    </ClInclude>
    <ClInclude Include="..\src\BattlescapeMessage.h">
      <Filter>Source Code</Filter>
    </ClInclude>
    <ClInclude Include="..\src\BattlescapeState.h">
      <Filter>Source Code</Filter>
    </ClInclude>
    <ClInclude Include="..\src\BattleState.h">
      <Filter>Source Code</Filter>
    </ClInclude>
    <ClInclude Include="..\src\BattleUnit.h">
      <Filter>Source Code</Filter>
    </ClInclude>
    <ClInclude Include="..\src\BattleUnitStatistics.h">
      <Filter>Source Code</Filter>
    </ClInclude>
    <ClInclude Include="..\src\BriefingState.h">
      <Filter>Source Code</Filter>
    </ClInclude>
    <ClInclude Include="..\src\Camera.h">
      <Filter>Source Code</Filter>
    </ClInclude>
    <ClInclude Include="..\src\CannotReequipState.h">
      <Filter>Source Code</Filter>
    </ClInclude>
    <ClInclude Include="..\src\CatFile.h">
      <Filter>Source Code</Filter>
    </ClInclude>
    <ClInclude Include="..\src\ComboBox.h">
      <Filter>Source Code</Filter>
    </ClInclude>
    <ClInclude Include="..\src\CommendationLateState.h">
      <Filter>Source Code</Filter>
    </ClInclude>
    <ClInclude Include="..\src\CommendationState.h">
      <Filter>Source Code</Filter>
    </ClInclude>
    <ClInclude Include="..\src\common.h">
      <Filter>Source Code</Filter>
    </ClInclude>
    <ClInclude Include="..\src\config.h">
      <Filter>Source Code</Filter>
    </ClInclude>
    <ClInclude Include="..\src\ConfirmLoadState.h">
      <Filter>Source Code</Filter>
    </ClInclude>
    <ClInclude Include="..\src\Craft.h">
      <Filter>Source Code</Filter>
    </ClInclude>
    <ClInclude Include="..\src\CraftWeapon.h">
      <Filter>Source Code</Filter>
    </ClInclude>
    <ClInclude Include="..\src\CraftWeaponProjectile.h">
      <Filter>Source Code</Filter>
    </ClInclude>
    <ClInclude Include="..\src\CrossPlatform.h">
      <Filter>Source Code</Filter>
    </ClInclude>
    <ClInclude Include="..\src\Cursor.h">
      <Filter>Source Code</Filter>
    </ClInclude>
    <ClInclude Include="..\src\CutsceneState.h">
      <Filter>Source Code</Filter>
    </ClInclude>
    <ClInclude Include="..\src\DebriefingState.h">
      <Filter>Source Code</Filter>
    </ClInclude>
    <ClInclude Include="..\src\DeleteGameState.h">
      <Filter>Source Code</Filter>
    </ClInclude>
    <ClInclude Include="..\src\dirent.h">
      <Filter>Source Code</Filter>
    </ClInclude>
    <ClInclude Include="..\src\DosFont.h">
      <Filter>Source Code</Filter>
    </ClInclude>
    <ClInclude Include="..\src\EquipmentLayoutItem.h">
      <Filter>Source Code</Filter>
    </ClInclude>
    <ClInclude Include="..\src\ErrorMessageState.h">
      <Filter>Source Code</Filter>
    </ClInclude>
    <ClInclude Include="..\src\Exception.h">
      <Filter>Source Code</Filter>
    </ClInclude>
    <ClInclude Include="..\src\Explosion.h">
      <Filter>Source Code</Filter>
    </ClInclude>
    <ClInclude Include="..\src\ExplosionBState.h">
      <Filter>Source Code</Filter>
    </ClInclude>
    <ClInclude Include="..\src\ExtraSounds.h">
      <Filter>Source Code</Filter>
    </ClInclude>
    <ClInclude Include="..\src\ExtraSprites.h">
      <Filter>Source Code</Filter>
    </ClInclude>
    <ClInclude Include="..\src\ExtraStrings.h">
      <Filter>Source Code</Filter>
    </ClInclude>
    <ClInclude Include="..\src\FastLineClip.h">
      <Filter>Source Code</Filter>
    </ClInclude>
    <ClInclude Include="..\src\FileMap.h">
      <Filter>Source Code</Filter>
    </ClInclude>
    <ClInclude Include="..\src\FlcPlayer.h">
      <Filter>Source Code</Filter>
    </ClInclude>
    <ClInclude Include="..\src\fmath.h">
      <Filter>Source Code</Filter>
    </ClInclude>
    <ClInclude Include="..\src\fmopl.h">
      <Filter>Source Code</Filter>
    </ClInclude>
    <ClInclude Include="..\src\Font.h">
      <Filter>Source Code</Filter>
    </ClInclude>
    <ClInclude Include="..\src\FpsCounter.h">
      <Filter>Source Code</Filter>
    </ClInclude>
    <ClInclude Include="..\src\Frame.h">
      <Filter>Source Code</Filter>
    </ClInclude>
    <ClInclude Include="..\src\Game.h">
      <Filter>Source Code</Filter>
    </ClInclude>
    <ClInclude Include="..\src\GameTime.h">
      <Filter>Source Code</Filter>
    </ClInclude>
    <ClInclude Include="..\src\GMCat.h">
      <Filter>Source Code</Filter>
    </ClInclude>
    <ClInclude Include="..\src\GraphSubset.h">
      <Filter>Source Code</Filter>
    </ClInclude>
    <ClInclude Include="..\src\hqx.h">
      <Filter>Source Code</Filter>
    </ClInclude>
    <ClInclude Include="..\src\ImageButton.h">
      <Filter>Source Code</Filter>
    </ClInclude>
    <ClInclude Include="..\src\InfoboxOKState.h">
      <Filter>Source Code</Filter>
    </ClInclude>
    <ClInclude Include="..\src\InfoboxState.h">
      <Filter>Source Code</Filter>
    </ClInclude>
    <ClInclude Include="..\src\InteractiveSurface.h">
      <Filter>Source Code</Filter>
    </ClInclude>
    <ClInclude Include="..\src\Inventory.h">
      <Filter>Source Code</Filter>
    </ClInclude>
    <ClInclude Include="..\src\InventoryState.h">
      <Filter>Source Code</Filter>
    </ClInclude>
    <ClInclude Include="..\src\ItemContainer.h">
      <Filter>Source Code</Filter>
    </ClInclude>
    <ClInclude Include="..\src\Language.h">
      <Filter>Source Code</Filter>
    </ClInclude>
    <ClInclude Include="..\src\LanguagePlurality.h">
      <Filter>Source Code</Filter>
    </ClInclude>
    <ClInclude Include="..\src\ListGamesState.h">
      <Filter>Source Code</Filter>
    </ClInclude>
    <ClInclude Include="..\src\ListLoadOriginalState.h">
      <Filter>Source Code</Filter>
    </ClInclude>
    <ClInclude Include="..\src\ListLoadState.h">
      <Filter>Source Code</Filter>
    </ClInclude>
    <ClInclude Include="..\src\ListSaveState.h">
      <Filter>Source Code</Filter>
    </ClInclude>
    <ClInclude Include="..\src\LoadGameState.h">
      <Filter>Source Code</Filter>
    </ClInclude>
    <ClInclude Include="..\src\LocalizedText.h">
      <Filter>Source Code</Filter>
    </ClInclude>
    <ClInclude Include="..\src\Logger.h">
      <Filter>Source Code</Filter>
    </ClInclude>
    <ClInclude Include="..\src\MainMenuState.h">
      <Filter>Source Code</Filter>
    </ClInclude>
    <ClInclude Include="..\src\Map.h">
      <Filter>Source Code</Filter>
    </ClInclude>
    <ClInclude Include="..\src\MapBlock.h">
      <Filter>Source Code</Filter>
    </ClInclude>
    <ClInclude Include="..\src\MapData.h">
      <Filter>Source Code</Filter>
    </ClInclude>
    <ClInclude Include="..\src\MapDataSet.h">
      <Filter>Source Code</Filter>
    </ClInclude>
    <ClInclude Include="..\src\MapScript.h">
      <Filter>Source Code</Filter>
    </ClInclude>
    <ClInclude Include="..\src\MCDPatch.h">
      <Filter>Source Code</Filter>
    </ClInclude>
    <ClInclude Include="..\src\MedikitState.h">
      <Filter>Source Code</Filter>
    </ClInclude>
    <ClInclude Include="..\src\MedikitView.h">
      <Filter>Source Code</Filter>
    </ClInclude>
    <ClInclude Include="..\src\MeleeAttackBState.h">
      <Filter>Source Code</Filter>
    </ClInclude>
    <ClInclude Include="..\src\MiniMapState.h">
      <Filter>Source Code</Filter>
    </ClInclude>
    <ClInclude Include="..\src\MiniMapView.h">
      <Filter>Source Code</Filter>
    </ClInclude>
    <ClInclude Include="..\src\MissionSite.h">
      <Filter>Source Code</Filter>
    </ClInclude>
    <ClInclude Include="..\src\MissionStatistics.h">
      <Filter>Source Code</Filter>
    </ClInclude>
    <ClInclude Include="..\src\Mod.h">
      <Filter>Source Code</Filter>
    </ClInclude>
    <ClInclude Include="..\src\ModConfirmExtendedState.h">
      <Filter>Source Code</Filter>
    </ClInclude>
    <ClInclude Include="..\src\ModInfo.h">
      <Filter>Source Code</Filter>
    </ClInclude>
    <ClInclude Include="..\src\ModListState.h">
      <Filter>Source Code</Filter>
    </ClInclude>
    <ClInclude Include="..\src\MovingTarget.h">
      <Filter>Source Code</Filter>
    </ClInclude>
    <ClInclude Include="..\src\Music.h">
      <Filter>Source Code</Filter>
    </ClInclude>
    <ClInclude Include="..\src\NewBattleState.h">
      <Filter>Source Code</Filter>
    </ClInclude>
    <ClInclude Include="..\src\NewGameState.h">
      <Filter>Source Code</Filter>
    </ClInclude>
    <ClInclude Include="..\src\NextTurnState.h">
      <Filter>Source Code</Filter>
    </ClInclude>
    <ClInclude Include="..\src\Node.h">
      <Filter>Source Code</Filter>
    </ClInclude>
    <ClInclude Include="..\src\NumberText.h">
      <Filter>Source Code</Filter>
    </ClInclude>
    <ClInclude Include="..\src\OpenGL.h">
      <Filter>Source Code</Filter>
    </ClInclude>
    <ClInclude Include="..\src\OptionInfo.h">
      <Filter>Source Code</Filter>
    </ClInclude>
    <ClInclude Include="..\src\Options.h">
      <Filter>Source Code</Filter>
    </ClInclude>
    <ClInclude Include="..\src\Options.inc.h">
      <Filter>Source Code</Filter>
    </ClInclude>
    <ClInclude Include="..\src\OptionsAdvancedState.h">
      <Filter>Source Code</Filter>
    </ClInclude>
    <ClInclude Include="..\src\OptionsAudioState.h">
      <Filter>Source Code</Filter>
    </ClInclude>
    <ClInclude Include="..\src\OptionsBaseState.h">
      <Filter>Source Code</Filter>
    </ClInclude>
    <ClInclude Include="..\src\OptionsBattlescapeState.h">
      <Filter>Source Code</Filter>
    </ClInclude>
    <ClInclude Include="..\src\OptionsConfirmState.h">
      <Filter>Source Code</Filter>
    </ClInclude>
    <ClInclude Include="..\src\OptionsControlsState.h">
      <Filter>Source Code</Filter>
    </ClInclude>
    <ClInclude Include="..\src\OptionsDefaultsState.h">
      <Filter>Source Code</Filter>
    </ClInclude>
    <ClInclude Include="..\src\OptionsGeoscapeState.h">
      <Filter>Source Code</Filter>
    </ClInclude>
    <ClInclude Include="..\src\OptionsNoAudioState.h">
      <Filter>Source Code</Filter>
    </ClInclude>
    <ClInclude Include="..\src\OptionsVideoState.h">
      <Filter>Source Code</Filter>
    </ClInclude>
    <ClInclude Include="..\src\Palette.h">
      <Filter>Source Code</Filter>
    </ClInclude>
    <ClInclude Include="..\src\Particle.h">
      <Filter>Source Code</Filter>
    </ClInclude>
    <ClInclude Include="..\src\Pathfinding.h">
      <Filter>Source Code</Filter>
    </ClInclude>
    <ClInclude Include="..\src\PathfindingNode.h">
      <Filter>Source Code</Filter>
    </ClInclude>
    <ClInclude Include="..\src\PathfindingOpenSet.h">
      <Filter>Source Code</Filter>
    </ClInclude>
    <ClInclude Include="..\src\PauseState.h">
      <Filter>Source Code</Filter>
    </ClInclude>
    <ClInclude Include="..\src\Position.h">
      <Filter>Source Code</Filter>
    </ClInclude>
    <ClInclude Include="..\src\PrimeGrenadeState.h">
      <Filter>Source Code</Filter>
    </ClInclude>
    <ClInclude Include="..\src\Projectile.h">
      <Filter>Source Code</Filter>
    </ClInclude>
    <ClInclude Include="..\src\ProjectileFlyBState.h">
      <Filter>Source Code</Filter>
    </ClInclude>
    <ClInclude Include="..\src\PsiAttackBState.h">
      <Filter>Source Code</Filter>
    </ClInclude>
    <ClInclude Include="..\src\Region.h">
      <Filter>Source Code</Filter>
    </ClInclude>
    <ClInclude Include="..\src\resource.h">
      <Filter>Source Code</Filter>
    </ClInclude>
    <ClInclude Include="..\src\RNG.h">
      <Filter>Source Code</Filter>
    </ClInclude>
    <ClInclude Include="..\src\RuleCommendations.h">
      <Filter>Source Code</Filter>
    </ClInclude>
    <ClInclude Include="..\src\RuleCraft.h">
      <Filter>Source Code</Filter>
    </ClInclude>
    <ClInclude Include="..\src\RuleCraftWeapon.h">
      <Filter>Source Code</Filter>
    </ClInclude>
    <ClInclude Include="..\src\RuleInterface.h">
      <Filter>Source Code</Filter>
    </ClInclude>
    <ClInclude Include="..\src\RuleInventory.h">
      <Filter>Source Code</Filter>
    </ClInclude>
    <ClInclude Include="..\src\RuleItem.h">
      <Filter>Source Code</Filter>
    </ClInclude>
    <ClInclude Include="..\src\RuleMissionScript.h">
      <Filter>Source Code</Filter>
    </ClInclude>
    <ClInclude Include="..\src\RuleMusic.h">
      <Filter>Source Code</Filter>
    </ClInclude>
    <ClInclude Include="..\src\RuleSoldier.h">
      <Filter>Source Code</Filter>
    </ClInclude>
    <ClInclude Include="..\src\RuleTerrain.h">
      <Filter>Source Code</Filter>
    </ClInclude>
    <ClInclude Include="..\src\RuleUfo.h">
      <Filter>Source Code</Filter>
    </ClInclude>
    <ClInclude Include="..\src\RuleVideo.h">
      <Filter>Source Code</Filter>
    </ClInclude>
    <ClInclude Include="..\src\SavedBattleGame.h">
      <Filter>Source Code</Filter>
    </ClInclude>
    <ClInclude Include="..\src\SavedGame.h">
      <Filter>Source Code</Filter>
    </ClInclude>
    <ClInclude Include="..\src\SaveGameState.h">
      <Filter>Source Code</Filter>
    </ClInclude>
    <ClInclude Include="..\src\scale2x.h">
      <Filter>Source Code</Filter>
    </ClInclude>
    <ClInclude Include="..\src\scale3x.h">
      <Filter>Source Code</Filter>
    </ClInclude>
    <ClInclude Include="..\src\scalebit.h">
      <Filter>Source Code</Filter>
    </ClInclude>
    <ClInclude Include="..\src\ScannerState.h">
      <Filter>Source Code</Filter>
    </ClInclude>
    <ClInclude Include="..\src\ScannerView.h">
      <Filter>Source Code</Filter>
    </ClInclude>
    <ClInclude Include="..\src\Screen.h">
      <Filter>Source Code</Filter>
    </ClInclude>
    <ClInclude Include="..\src\ScrollBar.h">
      <Filter>Source Code</Filter>
    </ClInclude>
    <ClInclude Include="..\src\SerializationHelper.h">
      <Filter>Source Code</Filter>
    </ClInclude>
    <ClInclude Include="..\src\SetWindowedRootState.h">
      <Filter>Source Code</Filter>
    </ClInclude>
    <ClInclude Include="..\src\ShaderDraw.h">
      <Filter>Source Code</Filter>
    </ClInclude>
    <ClInclude Include="..\src\ShaderDrawHelper.h">
      <Filter>Source Code</Filter>
    </ClInclude>
    <ClInclude Include="..\src\ShaderMove.h">
      <Filter>Source Code</Filter>
    </ClInclude>
    <ClInclude Include="..\src\ShaderRepeat.h">
      <Filter>Source Code</Filter>
    </ClInclude>
    <ClInclude Include="..\src\Slider.h">
      <Filter>Source Code</Filter>
    </ClInclude>
    <ClInclude Include="..\src\SlideshowState.h">
      <Filter>Source Code</Filter>
    </ClInclude>
    <ClInclude Include="..\src\Soldier.h">
      <Filter>Source Code</Filter>
    </ClInclude>
    <ClInclude Include="..\src\SoldierDeath.h">
      <Filter>Source Code</Filter>
    </ClInclude>
    <ClInclude Include="..\src\SoldierDiary.h">
      <Filter>Source Code</Filter>
    </ClInclude>
    <ClInclude Include="..\src\SoldierNamePool.h">
      <Filter>Source Code</Filter>
    </ClInclude>
    <ClInclude Include="..\src\Sound.h">
      <Filter>Source Code</Filter>
    </ClInclude>
    <ClInclude Include="..\src\SoundDefinition.h">
      <Filter>Source Code</Filter>
    </ClInclude>
    <ClInclude Include="..\src\SoundSet.h">
      <Filter>Source Code</Filter>
    </ClInclude>
    <ClInclude Include="..\src\StartState.h">
      <Filter>Source Code</Filter>
    </ClInclude>
    <ClInclude Include="..\src\State.h">
      <Filter>Source Code</Filter>
    </ClInclude>
    <ClInclude Include="..\src\StatisticsState.h">
      <Filter>Source Code</Filter>
    </ClInclude>
    <ClInclude Include="..\src\StatString.h">
      <Filter>Source Code</Filter>
    </ClInclude>
    <ClInclude Include="..\src\StatStringCondition.h">
      <Filter>Source Code</Filter>
    </ClInclude>
    <ClInclude Include="..\src\Surface.h">
      <Filter>Source Code</Filter>
    </ClInclude>
    <ClInclude Include="..\src\SurfaceSet.h">
      <Filter>Source Code</Filter>
    </ClInclude>
    <ClInclude Include="..\src\Target.h">
      <Filter>Source Code</Filter>
    </ClInclude>
    <ClInclude Include="..\src\TestState.h">
      <Filter>Source Code</Filter>
    </ClInclude>
    <ClInclude Include="..\src\Text.h">
      <Filter>Source Code</Filter>
    </ClInclude>
    <ClInclude Include="..\src\TextButton.h">
      <Filter>Source Code</Filter>
    </ClInclude>
    <ClInclude Include="..\src\TextEdit.h">
      <Filter>Source Code</Filter>
    </ClInclude>
    <ClInclude Include="..\src\TextList.h">
      <Filter>Source Code</Filter>
    </ClInclude>
    <ClInclude Include="..\src\Texture.h">
      <Filter>Source Code</Filter>
    </ClInclude>
    <ClInclude Include="..\src\Tile.h">
      <Filter>Source Code</Filter>
    </ClInclude>
    <ClInclude Include="..\src\TileEngine.h">
      <Filter>Source Code</Filter>
    </ClInclude>
    <ClInclude Include="..\src\Timer.h">
      <Filter>Source Code</Filter>
    </ClInclude>
    <ClInclude Include="..\src\ToggleTextButton.h">
      <Filter>Source Code</Filter>
    </ClInclude>
    <ClInclude Include="..\src\Ufo.h">
      <Filter>Source Code</Filter>
    </ClInclude>
    <ClInclude Include="..\src\Unicode.h">
      <Filter>Source Code</Filter>
    </ClInclude>
    <ClInclude Include="..\src\Unit.h">
      <Filter>Source Code</Filter>
    </ClInclude>
    <ClInclude Include="..\src\UnitDieBState.h">
      <Filter>Source Code</Filter>
    </ClInclude>
    <ClInclude Include="..\src\UnitFallBState.h">
      <Filter>Source Code</Filter>
    </ClInclude>
    <ClInclude Include="..\src\UnitInfoState.h">
      <Filter>Source Code</Filter>
    </ClInclude>
    <ClInclude Include="..\src\UnitPanicBState.h">
      <Filter>Source Code</Filter>
    </ClInclude>
    <ClInclude Include="..\src\UnitSprite.h">
      <Filter>Source Code</Filter>
    </ClInclude>
    <ClInclude Include="..\src\UnitTurnBState.h">
      <Filter>Source Code</Filter>
    </ClInclude>
    <ClInclude Include="..\src\UnitWalkBState.h">
      <Filter>Source Code</Filter>
    </ClInclude>
    <ClInclude Include="..\src\Vehicle.h">
      <Filter>Source Code</Filter>
    </ClInclude>
    <ClInclude Include="..\src\version.h">
      <Filter>Source Code</Filter>
    </ClInclude>
    <ClInclude Include="..\src\VideoState.h">
      <Filter>Source Code</Filter>
    </ClInclude>
    <ClInclude Include="..\src\WarningMessage.h">
      <Filter>Source Code</Filter>
    </ClInclude>
    <ClInclude Include="..\src\Waypoint.h">
      <Filter>Source Code</Filter>
    </ClInclude>
    <ClInclude Include="..\src\WeightedOptions.h">
      <Filter>Source Code</Filter>
    </ClInclude>
    <ClInclude Include="..\src\Window.h">
      <Filter>Source Code</Filter>
    </ClInclude>
    <ClInclude Include="..\src\xbrz.h">
      <Filter>Source Code</Filter>
    </ClInclude>
    <ClInclude Include="..\src\Zoom.h">
      <Filter>Source Code</Filter>
    </ClInclude>
  </ItemGroup>
  <ItemGroup>
    <Filter Include="Source Code">
      <UniqueIdentifier>{f58aeab6-6570-47f6-a69f-63b032962c04}</UniqueIdentifier>
    </Filter>
  </ItemGroup>
</Project>